
Microsoft Visual Studio Solution File, Format Version 12.00
# Visual Studio Version 17
VisualStudioVersion = 17.1.32319.34
MinimumVisualStudioVersion = 10.0.40219.1
Project("{9A19103F-16F7-4668-BE54-9A1E7A4F7556}") = "AzerothAPI", "AzerothAPI\AzerothAPI.csproj", "{692DB984-A7EC-46E6-A53F-94188B75DB5B}"
EndProject
Global
	GlobalSection(SolutionConfigurationPlatforms) = preSolution
		Debug|Any CPU = Debug|Any CPU
		Release|Any CPU = Release|Any CPU
	EndGlobalSection
	GlobalSection(ProjectConfigurationPlatforms) = postSolution
		{692DB984-A7EC-46E6-A53F-94188B75DB5B}.Debug|Any CPU.ActiveCfg = Debug|Any CPU
		{692DB984-A7EC-46E6-A53F-94188B75DB5B}.Debug|Any CPU.Build.0 = Debug|Any CPU
		{692DB984-A7EC-46E6-A53F-94188B75DB5B}.Release|Any CPU.ActiveCfg = Release|Any CPU
		{692DB984-A7EC-46E6-A53F-94188B75DB5B}.Release|Any CPU.Build.0 = Release|Any CPU
	EndGlobalSection
	GlobalSection(SolutionProperties) = preSolution
		HideSolutionNode = FALSE
	EndGlobalSection
	GlobalSection(ExtensibilityGlobals) = postSolution
		SolutionGuid = {1704BE56-176E-43EB-A7C6-A6FC08BAE257}
	EndGlobalSection
EndGlobal
